
Microsoft Visual Studio Solution File, Format Version 12.00
# Visual Studio Version 17
VisualStudioVersion = 17.2.32505.173
MinimumVisualStudioVersion = 10.0.40219.1
Project("{FAE04EC0-301F-11D3-BF4B-00C04F79EFBC}") = "LinqExamples", "LinqExamples\LinqExamples.csproj", "{56E676B6-DF17-4117-A5E7-430ABD3E5EA3}"
EndProject
Project("{FAE04EC0-301F-11D3-BF4B-00C04F79EFBC}") = "LinqExxamplesTests", "LinqExxamplesTests\LinqExxamplesTests.csproj", "{511DA8A4-669D-4794-9F9C-F77530B937C2}"
EndProject
Global
	GlobalSection(SolutionConfigurationPlatforms) = preSolution
		Debug|Any CPU = Debug|Any CPU
		Release|Any CPU = Release|Any CPU
	EndGlobalSection
	GlobalSection(ProjectConfigurationPlatforms) = postSolution
		{56E676B6-DF17-4117-A5E7-430ABD3E5EA3}.Debug|Any CPU.ActiveCfg = Debug|Any CPU
		{56E676B6-DF17-4117-A5E7-430ABD3E5EA3}.Debug|Any CPU.Build.0 = Debug|Any CPU
		{56E676B6-DF17-4117-A5E7-430ABD3E5EA3}.Release|Any CPU.ActiveCfg = Release|Any CPU
		{56E676B6-DF17-4117-A5E7-430ABD3E5EA3}.Release|Any CPU.Build.0 = Release|Any CPU
		{511DA8A4-669D-4794-9F9C-F77530B937C2}.Debug|Any CPU.ActiveCfg = Debug|Any CPU
		{511DA8A4-669D-4794-9F9C-F77530B937C2}.Debug|Any CPU.Build.0 = Debug|Any CPU
		{511DA8A4-669D-4794-9F9C-F77530B937C2}.Release|Any CPU.ActiveCfg = Release|Any CPU
		{511DA8A4-669D-4794-9F9C-F77530B937C2}.Release|Any CPU.Build.0 = Release|Any CPU
	EndGlobalSection
	GlobalSection(SolutionProperties) = preSolution
		HideSolutionNode = FALSE
	EndGlobalSection
	GlobalSection(ExtensibilityGlobals) = postSolution
		SolutionGuid = {4D524F38-261A-4757-9C7B-0D70312B6FC1}
	EndGlobalSection
EndGlobal
